
Microsoft Visual Studio Solution File, Format Version 12.00
# Visual Studio Version 17
VisualStudioVersion = 17.11.35327.3
MinimumVisualStudioVersion = 10.0.40219.1
Project("{FAE04EC0-301F-11D3-BF4B-00C04F79EFBC}") = "Cameraapp", "Cameraapp\Cameraapp.csproj", "{84598185-BC1E-4A58-A1B6-38ECCD48CA6B}"
EndProject
Global
	GlobalSection(SolutionConfigurationPlatforms) = preSolution
		Debug|Any CPU = Debug|Any CPU
		Release|Any CPU = Release|Any CPU
	EndGlobalSection
	GlobalSection(ProjectConfigurationPlatforms) = postSolution
		{84598185-BC1E-4A58-A1B6-38ECCD48CA6B}.Debug|Any CPU.ActiveCfg = Debug|Any CPU
		{84598185-BC1E-4A58-A1B6-38ECCD48CA6B}.Debug|Any CPU.Build.0 = Debug|Any CPU
		{84598185-BC1E-4A58-A1B6-38ECCD48CA6B}.Release|Any CPU.ActiveCfg = Release|Any CPU
		{84598185-BC1E-4A58-A1B6-38ECCD48CA6B}.Release|Any CPU.Build.0 = Release|Any CPU
	EndGlobalSection
	GlobalSection(SolutionProperties) = preSolution
		HideSolutionNode = FALSE
	EndGlobalSection
	GlobalSection(ExtensibilityGlobals) = postSolution
		SolutionGuid = {1CADAEB5-03B8-4A19-AD35-E6A9A58C59F4}
	EndGlobalSection
EndGlobal
